<?xml version="1.0" encoding="utf-8"?>
<Project ToolsVersion="4.0" xmlns="http://schemas.microsoft.com/developer/msbuild/2003">
  <ItemGroup>
    <Filter Include="Source Files">
      <UniqueIdentifier>{4FC737F1-C7A5-4376-A066-2A32D752A2FF}</UniqueIdentifier>
      <Extensions>cpp;c;cc;cxx;def;odl;idl;hpj;bat;asm;asmx</Extensions>
    </Filter>
    <Filter Include="Header Files">
      <UniqueIdentifier>{93995380-89BD-4b04-88EB-625FBE52EBFB}</UniqueIdentifier>
      <Extensions>h;hpp;hxx;hm;inl;inc;xsd</Extensions>
    </Filter>
    <Filter Include="Resource Files">
      <UniqueIdentifier>{67DA6AB6-F800-4c08-8B7A-83BB121AAD01}</UniqueIdentifier>
      <Extensions>rc;ico;cur;bmp;dlg;rc2;rct;bin;rgs;gif;jpg;jpeg;jpe;resx;tiff;tif;png;wav;mfcribbon-ms</Extensions>
    </Filter>
  </ItemGroup>
  <ItemGroup>
    <ClCompile Include="Atoms\GFCallable.cpp">
      <Filter>Source Files</Filter>
    </ClCompile>
    <ClCompile Include="Atoms\GFFreeable.cpp">
      <Filter>Source Files</Filter>
    </ClCompile>
    <ClCompile Include="Atoms\GFInitialize.cpp">
      <Filter>Source Files</Filter>
    </ClCompile>
    <ClCompile Include="Atoms\GFLockable.cpp">
      <Filter>Source Files</Filter>
    </ClCompile>
    <ClCompile Include="Atoms\GFMemFuncs.cpp">
      <Filter>Source Files</Filter>
    </ClCompile>
    <ClCompile Include="Bookshelfs\GFBAttribute.cpp">
      <Filter>Source Files</Filter>
    </ClCompile>
    <ClCompile Include="Bookshelfs\GFBField.cpp">
      <Filter>Source Files</Filter>
    </ClCompile>
    <ClCompile Include="Bookshelfs\GFBFields.cpp">
      <Filter>Source Files</Filter>
    </ClCompile>
    <ClCompile Include="Bookshelfs\GFBFunctions.cpp">
      <Filter>Source Files</Filter>
    </ClCompile>
    <ClCompile Include="Bookshelfs\GFBNode.cpp">
      <Filter>Source Files</Filter>
    </ClCompile>
    <ClCompile Include="Bookshelfs\GFBRecord.cpp">
      <Filter>Source Files</Filter>
    </ClCompile>
    <ClCompile Include="Bookshelfs\GFBRecords.cpp">
      <Filter>Source Files</Filter>
    </ClCompile>
    <ClCompile Include="Bookshelfs\GFBTable.cpp">
      <Filter>Source Files</Filter>
    </ClCompile>
    <ClCompile Include="Bookshelfs\GFBValue.cpp">
      <Filter>Source Files</Filter>
    </ClCompile>
    <ClCompile Include="Bookshelfs\RemoteSquirrel.cpp">
      <Filter>Source Files</Filter>
    </ClCompile>
    <ClCompile Include="Materials\GFCallbackThread.cpp">
      <Filter>Source Files</Filter>
    </ClCompile>
    <ClCompile Include="Materials\GFCsvSettings.cpp">
      <Filter>Source Files</Filter>
    </ClCompile>
    <ClCompile Include="Materials\GFDirectory.cpp">
      <Filter>Source Files</Filter>
    </ClCompile>
    <ClCompile Include="Materials\GFFifoVector.cpp">
      <Filter>Source Files</Filter>
    </ClCompile>
    <ClCompile Include="Materials\GFFileCommunicator.cpp">
      <Filter>Source Files</Filter>
    </ClCompile>
    <ClCompile Include="Materials\GFFileWriter.cpp">
      <Filter>Source Files</Filter>
    </ClCompile>
    <ClCompile Include="Materials\GFFunctions.cpp">
      <Filter>Source Files</Filter>
    </ClCompile>
    <ClCompile Include="Materials\GFGarbageCollector.cpp">
      <Filter>Source Files</Filter>
    </ClCompile>
    <ClCompile Include="Materials\GFLogger.cpp">
      <Filter>Source Files</Filter>
    </ClCompile>
    <ClCompile Include="Materials\GFResources.cpp">
      <Filter>Source Files</Filter>
    </ClCompile>
    <ClCompile Include="Materials\GFStringLookup.cpp">
      <Filter>Source Files</Filter>
    </ClCompile>
    <ClCompile Include="Materials\GFThread.cpp">
      <Filter>Source Files</Filter>
    </ClCompile>
    <ClCompile Include="Materials\GFThreadedBuffer.cpp">
      <Filter>Source Files</Filter>
    </ClCompile>
    <ClCompile Include="Molecules\GFBaseCommunicator.cpp">
      <Filter>Source Files</Filter>
    </ClCompile>
    <ClCompile Include="Molecules\GFCallbacks.cpp">
      <Filter>Source Files</Filter>
    </ClCompile>
    <ClCompile Include="Molecules\GFProperty.cpp">
      <Filter>Source Files</Filter>
    </ClCompile>
    <ClCompile Include="Molecules\GFString.cpp">
      <Filter>Source Files</Filter>
    </ClCompile>
    <ClCompile Include="Molecules\GFStringVector.cpp">
      <Filter>Source Files</Filter>
    </ClCompile>
    <ClCompile Include="Molecules\GFVector.cpp">
      <Filter>Source Files</Filter>
    </ClCompile>
  </ItemGroup>
  <ItemGroup>
    <ClInclude Include="Atoms\GFCallable.h">
      <Filter>Header Files</Filter>
    </ClInclude>
    <ClInclude Include="Atoms\GFDefines.h">
      <Filter>Header Files</Filter>
    </ClInclude>
    <ClInclude Include="Atoms\GFFreeable.h">
      <Filter>Header Files</Filter>
    </ClInclude>
    <ClInclude Include="Atoms\GFInitialize.h">
      <Filter>Header Files</Filter>
    </ClInclude>
    <ClInclude Include="Atoms\GFLockable.h">
      <Filter>Header Files</Filter>
    </ClInclude>
    <ClInclude Include="Atoms\GFMemFuncs.h">
      <Filter>Header Files</Filter>
    </ClInclude>
    <ClInclude Include="Bookshelfs\AbstractSquirrel.h">
      <Filter>Header Files</Filter>
    </ClInclude>
    <ClInclude Include="Bookshelfs\GFBAttribute.h">
      <Filter>Header Files</Filter>
    </ClInclude>
    <ClInclude Include="Bookshelfs\GFBField.h">
      <Filter>Header Files</Filter>
    </ClInclude>
    <ClInclude Include="Bookshelfs\GFBFields.h">
      <Filter>Header Files</Filter>
    </ClInclude>
    <ClInclude Include="Bookshelfs\GFBFunctions.h">
      <Filter>Header Files</Filter>
    </ClInclude>
    <ClInclude Include="Bookshelfs\GFBNode.h">
      <Filter>Header Files</Filter>
    </ClInclude>
    <ClInclude Include="Bookshelfs\GFBRecord.h">
      <Filter>Header Files</Filter>
    </ClInclude>
    <ClInclude Include="Bookshelfs\GFBRecords.h">
      <Filter>Header Files</Filter>
    </ClInclude>
    <ClInclude Include="Bookshelfs\GFBTable.h">
      <Filter>Header Files</Filter>
    </ClInclude>
    <ClInclude Include="Bookshelfs\GFBValue.h">
      <Filter>Header Files</Filter>
    </ClInclude>
    <ClInclude Include="Bookshelfs\RemoteSquirrel.h">
      <Filter>Header Files</Filter>
    </ClInclude>
    <ClInclude Include="Materials\GFCallbackThread.h">
      <Filter>Header Files</Filter>
    </ClInclude>
    <ClInclude Include="Materials\GFCsvSettings.h">
      <Filter>Header Files</Filter>
    </ClInclude>
    <ClInclude Include="Materials\GFDirectory.h">
      <Filter>Header Files</Filter>
    </ClInclude>
    <ClInclude Include="Materials\GFFifoVector.h">
      <Filter>Header Files</Filter>
    </ClInclude>
    <ClInclude Include="Materials\GFFileCommunicator.h">
      <Filter>Header Files</Filter>
    </ClInclude>
    <ClInclude Include="Materials\GFFileWriter.h">
      <Filter>Header Files</Filter>
    </ClInclude>
    <ClInclude Include="Materials\GFFunctions.h">
      <Filter>Header Files</Filter>
    </ClInclude>
    <ClInclude Include="Materials\GFGarbageCollector.h">
      <Filter>Header Files</Filter>
    </ClInclude>
    <ClInclude Include="Materials\GFLogger.h">
      <Filter>Header Files</Filter>
    </ClInclude>
    <ClInclude Include="Materials\GFResources.h">
      <Filter>Header Files</Filter>
    </ClInclude>
    <ClInclude Include="Materials\GFStringLookup.h">
      <Filter>Header Files</Filter>
    </ClInclude>
    <ClInclude Include="Materials\GFThread.h">
      <Filter>Header Files</Filter>
    </ClInclude>
    <ClInclude Include="Materials\GFThreadedBuffer.h">
      <Filter>Header Files</Filter>
    </ClInclude>
    <ClInclude Include="Molecules\GFBaseCommunicator.h">
      <Filter>Header Files</Filter>
    </ClInclude>
    <ClInclude Include="Molecules\GFCallbacks.h">
      <Filter>Header Files</Filter>
    </ClInclude>
    <ClInclude Include="Molecules\GFProperty.h">
      <Filter>Header Files</Filter>
    </ClInclude>
    <ClInclude Include="Molecules\GFString.h">
      <Filter>Header Files</Filter>
    </ClInclude>
    <ClInclude Include="Molecules\GFStringVector.h">
      <Filter>Header Files</Filter>
    </ClInclude>
    <ClInclude Include="Molecules\GFVector.h">
      <Filter>Header Files</Filter>
    </ClInclude>
  </ItemGroup>
</Project>