<?xml version="1.0" encoding="utf-8"?>
<Project ToolsVersion="4.0" xmlns="http://schemas.microsoft.com/developer/msbuild/2003">
  <ItemGroup>
    <Filter Include="Source Files">
      <UniqueIdentifier>{4FC737F1-C7A5-4376-A066-2A32D752A2FF}</UniqueIdentifier>
      <Extensions>cpp;c;cc;cxx;def;odl;idl;hpj;bat;asm;asmx</Extensions>
    </Filter>
    <Filter Include="Header Files">
      <UniqueIdentifier>{93995380-89BD-4b04-88EB-625FBE52EBFB}</UniqueIdentifier>
      <Extensions>h;hpp;hxx;hm;inl;inc;xsd</Extensions>
    </Filter>
    <Filter Include="Resource Files">
      <UniqueIdentifier>{67DA6AB6-F800-4c08-8B7A-83BB121AAD01}</UniqueIdentifier>
      <Extensions>rc;ico;cur;bmp;dlg;rc2;rct;bin;rgs;gif;jpg;jpeg;jpe;resx;tiff;tif;png;wav;mfcribbon-ms</Extensions>
    </Filter>
  </ItemGroup>
  <ItemGroup>
    <ClInclude Include="JRBaseSocket.h">
      <Filter>Header Files</Filter>
    </ClInclude>
    <ClInclude Include="JRClientSocket.h">
      <Filter>Header Files</Filter>
    </ClInclude>
    <ClInclude Include="JRDefines.h">
      <Filter>Header Files</Filter>
    </ClInclude>
    <ClInclude Include="JRFunctions.h">
      <Filter>Header Files</Filter>
    </ClInclude>
    <ClInclude Include="JRInitialize.h">
      <Filter>Header Files</Filter>
    </ClInclude>
    <ClInclude Include="JRLookupCache.h">
      <Filter>Header Files</Filter>
    </ClInclude>
    <ClInclude Include="JRNetAddress.h">
      <Filter>Header Files</Filter>
    </ClInclude>
    <ClInclude Include="JRServerSocket.h">
      <Filter>Header Files</Filter>
    </ClInclude>
    <ClInclude Include="JRThreadedConnection.h">
      <Filter>Header Files</Filter>
    </ClInclude>
    <ClInclude Include="JRThreadedSender.h">
      <Filter>Header Files</Filter>
    </ClInclude>
    <ClInclude Include="JRThreadedServer.h">
      <Filter>Header Files</Filter>
    </ClInclude>
    <ClInclude Include="JRURI.h">
      <Filter>Header Files</Filter>
    </ClInclude>
    <ClInclude Include="wspiapi.h">
      <Filter>Header Files</Filter>
    </ClInclude>
    <ClInclude Include="Common\JRHttpClient.h">
      <Filter>Header Files</Filter>
    </ClInclude>
    <ClInclude Include="Common\JRHttpConnection.h">
      <Filter>Header Files</Filter>
    </ClInclude>
    <ClInclude Include="Common\JRHttpDownloader.h">
      <Filter>Header Files</Filter>
    </ClInclude>
  </ItemGroup>
  <ItemGroup>
    <ClCompile Include="JRClientSocket.cpp">
      <Filter>Source Files</Filter>
    </ClCompile>
    <ClCompile Include="JRFunctions.cpp">
      <Filter>Source Files</Filter>
    </ClCompile>
    <ClCompile Include="JRInitialize.cpp">
      <Filter>Source Files</Filter>
    </ClCompile>
    <ClCompile Include="JRLookupCache.cpp">
      <Filter>Source Files</Filter>
    </ClCompile>
    <ClCompile Include="JRNetAddress.cpp">
      <Filter>Source Files</Filter>
    </ClCompile>
    <ClCompile Include="JRServerSocket.cpp">
      <Filter>Source Files</Filter>
    </ClCompile>
    <ClCompile Include="JRThreadedConnection.cpp">
      <Filter>Source Files</Filter>
    </ClCompile>
    <ClCompile Include="JRThreadedSender.cpp">
      <Filter>Source Files</Filter>
    </ClCompile>
    <ClCompile Include="JRThreadedServer.cpp">
      <Filter>Source Files</Filter>
    </ClCompile>
    <ClCompile Include="JRURI.cpp">
      <Filter>Source Files</Filter>
    </ClCompile>
    <ClCompile Include="Common\JRHttpClient.cpp">
      <Filter>Source Files</Filter>
    </ClCompile>
    <ClCompile Include="Common\JRHttpConnection.cpp">
      <Filter>Source Files</Filter>
    </ClCompile>
    <ClCompile Include="Common\JRHttpDownloader.cpp">
      <Filter>Source Files</Filter>
    </ClCompile>
    <ClCompile Include="JRBaseSocket.cpp">
      <Filter>Source Files</Filter>
    </ClCompile>
  </ItemGroup>
</Project>